<?xml version="1.0" encoding="utf-8"?>
<Project ToolsVersion="4.0" xmlns="http://schemas.microsoft.com/developer/msbuild/2003">
  <ItemGroup>
    <Filter Include="源文件">
      <UniqueIdentifier>{4FC737F1-C7A5-4376-A066-2A32D752A2FF}</UniqueIdentifier>
      <Extensions>cpp;c;cc;cxx;def;odl;idl;hpj;bat;asm;asmx</Extensions>
    </Filter>
    <Filter Include="头文件">
      <UniqueIdentifier>{93995380-89BD-4b04-88EB-625FBE52EBFB}</UniqueIdentifier>
      <Extensions>h;hpp;hxx;hm;inl;inc;xsd</Extensions>
    </Filter>
    <Filter Include="资源文件">
      <UniqueIdentifier>{67DA6AB6-F800-4c08-8B7A-83BB121AAD01}</UniqueIdentifier>
      <Extensions>rc;ico;cur;bmp;dlg;rc2;rct;bin;rgs;gif;jpg;jpeg;jpe;resx;tiff;tif;png;wav;mfcribbon-ms</Extensions>
    </Filter>
    <Filter Include="EasySkinUI">
      <UniqueIdentifier>{1de03d88-fdcc-440e-b1c6-3c955ddfa964}</UniqueIdentifier>
    </Filter>
  </ItemGroup>
  <ItemGroup>
    <None Include="ReadMe.txt" />
    <None Include="res\EasyPlayer.rc2">
      <Filter>资源文件</Filter>
    </None>
    <None Include="res\EasyPlayer.ico">
      <Filter>资源文件</Filter>
    </None>
  </ItemGroup>
  <ItemGroup>
    <ClInclude Include="EasyPlayer.h">
      <Filter>头文件</Filter>
    </ClInclude>
    <ClInclude Include="EasyPlayerDlg.h">
      <Filter>头文件</Filter>
    </ClInclude>
    <ClInclude Include="stdafx.h">
      <Filter>头文件</Filter>
    </ClInclude>
    <ClInclude Include="targetver.h">
      <Filter>头文件</Filter>
    </ClInclude>
    <ClInclude Include="Resource.h">
      <Filter>头文件</Filter>
    </ClInclude>
    <ClInclude Include="DlgVideo.h">
      <Filter>头文件</Filter>
    </ClInclude>
    <ClInclude Include="DlgRender.h">
      <Filter>头文件</Filter>
    </ClInclude>
    <ClInclude Include="CreateDump.h">
      <Filter>头文件</Filter>
    </ClInclude>
    <ClInclude Include="EasySkinUI\BuildDialog.h">
      <Filter>EasySkinUI</Filter>
    </ClInclude>
    <ClInclude Include="EasySkinUI\detours.h">
      <Filter>EasySkinUI</Filter>
    </ClInclude>
    <ClInclude Include="EasySkinUI\FlashControl.h">
      <Filter>EasySkinUI</Filter>
    </ClInclude>
    <ClInclude Include="EasySkinUI\Function.h">
      <Filter>EasySkinUI</Filter>
    </ClInclude>
    <ClInclude Include="EasySkinUI\GifImage.h">
      <Filter>EasySkinUI</Filter>
    </ClInclude>
    <ClInclude Include="EasySkinUI\ImageEx.h">
      <Filter>EasySkinUI</Filter>
    </ClInclude>
    <ClInclude Include="EasySkinUI\internal.h">
      <Filter>EasySkinUI</Filter>
    </ClInclude>
    <ClInclude Include="EasySkinUI\ISkinControl.h">
      <Filter>EasySkinUI</Filter>
    </ClInclude>
    <ClInclude Include="EasySkinUI\Macro.h">
      <Filter>EasySkinUI</Filter>
    </ClInclude>
    <ClInclude Include="EasySkinUI\MemoryDC.h">
      <Filter>EasySkinUI</Filter>
    </ClInclude>
    <ClInclude Include="EasySkinUI\RenderManager.h">
      <Filter>EasySkinUI</Filter>
    </ClInclude>
    <ClInclude Include="EasySkinUI\resource.h">
      <Filter>EasySkinUI</Filter>
    </ClInclude>
    <ClInclude Include="EasySkinUI\SkinButton.h">
      <Filter>EasySkinUI</Filter>
    </ClInclude>
    <ClInclude Include="EasySkinUI\SkinComboBox.h">
      <Filter>EasySkinUI</Filter>
    </ClInclude>
    <ClInclude Include="EasySkinUI\SkinDialog.h">
      <Filter>EasySkinUI</Filter>
    </ClInclude>
    <ClInclude Include="EasySkinUI\SkinEdit.h">
      <Filter>EasySkinUI</Filter>
    </ClInclude>
    <ClInclude Include="EasySkinUI\SkinListBox.h">
      <Filter>EasySkinUI</Filter>
    </ClInclude>
    <ClInclude Include="EasySkinUI\SkinListCtrl.h">
      <Filter>EasySkinUI</Filter>
    </ClInclude>
    <ClInclude Include="EasySkinUI\SkinProgressCtrl.h">
      <Filter>EasySkinUI</Filter>
    </ClInclude>
    <ClInclude Include="EasySkinUI\SkinRichEdit.h">
      <Filter>EasySkinUI</Filter>
    </ClInclude>
    <ClInclude Include="EasySkinUI\SkinSliderCtrl.h">
      <Filter>EasySkinUI</Filter>
    </ClInclude>
    <ClInclude Include="EasySkinUI\SkinTabCtrl.h">
      <Filter>EasySkinUI</Filter>
    </ClInclude>
    <ClInclude Include="EasySkinUI\SkinToolBar.h">
      <Filter>EasySkinUI</Filter>
    </ClInclude>
    <ClInclude Include="EasySkinUI\SkinTreeCtrl.h">
      <Filter>EasySkinUI</Filter>
    </ClInclude>
    <ClInclude Include="EasySkinUI\SkinUI.h">
      <Filter>EasySkinUI</Filter>
    </ClInclude>
    <ClInclude Include="EasySkinUI\SkinUI_ScrollBar.h">
      <Filter>EasySkinUI</Filter>
    </ClInclude>
    <ClInclude Include="EasySkinUI\SkinUIMenu.h">
      <Filter>EasySkinUI</Filter>
    </ClInclude>
    <ClInclude Include="EasySkinUI\XmlManager.h">
      <Filter>EasySkinUI</Filter>
    </ClInclude>
    <ClInclude Include="EasySkinUI\SkinStatic.h">
      <Filter>EasySkinUI</Filter>
    </ClInclude>
  </ItemGroup>
  <ItemGroup>
    <ClCompile Include="EasyPlayer.cpp">
      <Filter>源文件</Filter>
    </ClCompile>
    <ClCompile Include="EasyPlayerDlg.cpp">
      <Filter>源文件</Filter>
    </ClCompile>
    <ClCompile Include="stdafx.cpp">
      <Filter>源文件</Filter>
    </ClCompile>
    <ClCompile Include="DlgVideo.cpp">
      <Filter>源文件</Filter>
    </ClCompile>
    <ClCompile Include="DlgRender.cpp">
      <Filter>源文件</Filter>
    </ClCompile>
    <ClCompile Include="CreateDump.cpp">
      <Filter>源文件</Filter>
    </ClCompile>
    <ClCompile Include="EasySkinUI\BuildDialog.cpp">
      <Filter>EasySkinUI</Filter>
    </ClCompile>
    <ClCompile Include="EasySkinUI\FlashControl.cpp">
      <Filter>EasySkinUI</Filter>
    </ClCompile>
    <ClCompile Include="EasySkinUI\Function.cpp">
      <Filter>EasySkinUI</Filter>
    </ClCompile>
    <ClCompile Include="EasySkinUI\GifImage.cpp">
      <Filter>EasySkinUI</Filter>
    </ClCompile>
    <ClCompile Include="EasySkinUI\ImageEx.cpp">
      <Filter>EasySkinUI</Filter>
    </ClCompile>
    <ClCompile Include="EasySkinUI\ISkinControl.cpp">
      <Filter>EasySkinUI</Filter>
    </ClCompile>
    <ClCompile Include="EasySkinUI\MemoryDC.cpp">
      <Filter>EasySkinUI</Filter>
    </ClCompile>
    <ClCompile Include="EasySkinUI\RenderManager.cpp">
      <Filter>EasySkinUI</Filter>
    </ClCompile>
    <ClCompile Include="EasySkinUI\SkinButton.cpp">
      <Filter>EasySkinUI</Filter>
    </ClCompile>
    <ClCompile Include="EasySkinUI\SkinComboBox.cpp">
      <Filter>EasySkinUI</Filter>
    </ClCompile>
    <ClCompile Include="EasySkinUI\SkinDialog.cpp">
      <Filter>EasySkinUI</Filter>
    </ClCompile>
    <ClCompile Include="EasySkinUI\SkinEdit.cpp">
      <Filter>EasySkinUI</Filter>
    </ClCompile>
    <ClCompile Include="EasySkinUI\SkinListBox.cpp">
      <Filter>EasySkinUI</Filter>
    </ClCompile>
    <ClCompile Include="EasySkinUI\SkinListCtrl.cpp">
      <Filter>EasySkinUI</Filter>
    </ClCompile>
    <ClCompile Include="EasySkinUI\SkinProgressCtrl.cpp">
      <Filter>EasySkinUI</Filter>
    </ClCompile>
    <ClCompile Include="EasySkinUI\SkinRichEdit.cpp">
      <Filter>EasySkinUI</Filter>
    </ClCompile>
    <ClCompile Include="EasySkinUI\SkinSliderCtrl.cpp">
      <Filter>EasySkinUI</Filter>
    </ClCompile>
    <ClCompile Include="EasySkinUI\SkinTabCtrl.cpp">
      <Filter>EasySkinUI</Filter>
    </ClCompile>
    <ClCompile Include="EasySkinUI\SkinToolBar.cpp">
      <Filter>EasySkinUI</Filter>
    </ClCompile>
    <ClCompile Include="EasySkinUI\SkinTreeCtrl.cpp">
      <Filter>EasySkinUI</Filter>
    </ClCompile>
    <ClCompile Include="EasySkinUI\SkinUI.cpp">
      <Filter>EasySkinUI</Filter>
    </ClCompile>
    <ClCompile Include="EasySkinUI\SkinUI_ScrollBar.cpp">
      <Filter>EasySkinUI</Filter>
    </ClCompile>
    <ClCompile Include="EasySkinUI\SkinUIMenu.cpp">
      <Filter>EasySkinUI</Filter>
    </ClCompile>
    <ClCompile Include="EasySkinUI\XmlManager.cpp">
      <Filter>EasySkinUI</Filter>
    </ClCompile>
    <ClCompile Include="EasySkinUI\SkinStatic.cpp">
      <Filter>EasySkinUI</Filter>
    </ClCompile>
  </ItemGroup>
  <ItemGroup>
    <ResourceCompile Include="EasyPlayer.rc">
      <Filter>资源文件</Filter>
    </ResourceCompile>
  </ItemGroup>
</Project>